
Microsoft Visual Studio Solution File, Format Version 12.00
# Visual Studio Version 17
VisualStudioVersion = 17.6.33723.286
MinimumVisualStudioVersion = 10.0.40219.1
Project("{FAE04EC0-301F-11D3-BF4B-00C04F79EFBC}") = "OutputOfGraphs", "OutputOfGraphs\OutputOfGraphs.csproj", "{E3E3CF1A-0BE7-46F7-A3A5-F22CFA8850B5}"
EndProject
Global
	GlobalSection(SolutionConfigurationPlatforms) = preSolution
		Debug|Any CPU = Debug|Any CPU
		Release|Any CPU = Release|Any CPU
	EndGlobalSection
	GlobalSection(ProjectConfigurationPlatforms) = postSolution
		{E3E3CF1A-0BE7-46F7-A3A5-F22CFA8850B5}.Debug|Any CPU.ActiveCfg = Debug|Any CPU
		{E3E3CF1A-0BE7-46F7-A3A5-F22CFA8850B5}.Debug|Any CPU.Build.0 = Debug|Any CPU
		{E3E3CF1A-0BE7-46F7-A3A5-F22CFA8850B5}.Release|Any CPU.ActiveCfg = Release|Any CPU
		{E3E3CF1A-0BE7-46F7-A3A5-F22CFA8850B5}.Release|Any CPU.Build.0 = Release|Any CPU
	EndGlobalSection
	GlobalSection(SolutionProperties) = preSolution
		HideSolutionNode = FALSE
	EndGlobalSection
	GlobalSection(ExtensibilityGlobals) = postSolution
		SolutionGuid = {88D52076-C4B4-487E-8FBE-61DD416AE2CD}
	EndGlobalSection
EndGlobal
